
Microsoft Visual Studio Solution File, Format Version 12.00
# Visual Studio Version 17
VisualStudioVersion = 17.13.35931.197 d17.13
MinimumVisualStudioVersion = 10.0.40219.1
Project("{FAE04EC0-301F-11D3-BF4B-00C04F79EFBC}") = "SimpleBank.Presentation", "SimpleBank.Presentation\SimpleBank.Presentation.csproj", "{F5EA36EF-E506-47F8-9683-56863F55DF39}"
EndProject
Project("{FAE04EC0-301F-11D3-BF4B-00C04F79EFBC}") = "SimpleBank.Application", "..\..\..\..\Documents\Projetos\pessoal\api_picpay_dotnet\simpleBankApi\SimpleBank.Application\SimpleBank.Application.csproj", "{B362F6EE-9178-C1BD-E12A-941EAF1F2E94}"
EndProject
Project("{FAE04EC0-301F-11D3-BF4B-00C04F79EFBC}") = "SimpleBank.Infra", "..\..\..\..\Documents\Projetos\pessoal\api_picpay_dotnet\simpleBankApi\SimpleBank.Infra\SimpleBank.Infra.csproj", "{ED81CC62-9A56-4EFC-DFBC-06EFEB3C913C}"
EndProject
Global
	GlobalSection(SolutionConfigurationPlatforms) = preSolution
		Debug|Any CPU = Debug|Any CPU
		Release|Any CPU = Release|Any CPU
	EndGlobalSection
	GlobalSection(ProjectConfigurationPlatforms) = postSolution
		{F5EA36EF-E506-47F8-9683-56863F55DF39}.Debug|Any CPU.ActiveCfg = Debug|Any CPU
		{F5EA36EF-E506-47F8-9683-56863F55DF39}.Debug|Any CPU.Build.0 = Debug|Any CPU
		{F5EA36EF-E506-47F8-9683-56863F55DF39}.Release|Any CPU.ActiveCfg = Release|Any CPU
		{F5EA36EF-E506-47F8-9683-56863F55DF39}.Release|Any CPU.Build.0 = Release|Any CPU
		{B362F6EE-9178-C1BD-E12A-941EAF1F2E94}.Debug|Any CPU.ActiveCfg = Debug|Any CPU
		{B362F6EE-9178-C1BD-E12A-941EAF1F2E94}.Debug|Any CPU.Build.0 = Debug|Any CPU
		{B362F6EE-9178-C1BD-E12A-941EAF1F2E94}.Release|Any CPU.ActiveCfg = Release|Any CPU
		{B362F6EE-9178-C1BD-E12A-941EAF1F2E94}.Release|Any CPU.Build.0 = Release|Any CPU
		{ED81CC62-9A56-4EFC-DFBC-06EFEB3C913C}.Debug|Any CPU.ActiveCfg = Debug|Any CPU
		{ED81CC62-9A56-4EFC-DFBC-06EFEB3C913C}.Debug|Any CPU.Build.0 = Debug|Any CPU
		{ED81CC62-9A56-4EFC-DFBC-06EFEB3C913C}.Release|Any CPU.ActiveCfg = Release|Any CPU
		{ED81CC62-9A56-4EFC-DFBC-06EFEB3C913C}.Release|Any CPU.Build.0 = Release|Any CPU
	EndGlobalSection
	GlobalSection(SolutionProperties) = preSolution
		HideSolutionNode = FALSE
	EndGlobalSection
	GlobalSection(ExtensibilityGlobals) = postSolution
		SolutionGuid = {22449F4F-F059-4C79-A822-9D08E3A9D464}
	EndGlobalSection
EndGlobal
