
Microsoft Visual Studio Solution File, Format Version 12.00
# Visual Studio Version 17
VisualStudioVersion = 17.13.35931.197
MinimumVisualStudioVersion = 10.0.40219.1
Project("{FAE04EC0-301F-11D3-BF4B-00C04F79EFBC}") = "SimpleBank.Presentation", "SimpleBank.Presentation\SimpleBank.Presentation.csproj", "{F5EA36EF-E506-47F8-9683-56863F55DF39}"
EndProject
Project("{2150E333-8FDC-42A3-9474-1A3956D46DE8}") = "shared", "shared", "{02EA681E-C7D8-13C7-8484-4AC65E1B71E8}"
EndProject
Project("{2150E333-8FDC-42A3-9474-1A3956D46DE8}") = "src", "src", "{C5524A5C-BDC7-4439-83E2-2912FA4B43A3}"
EndProject
Project("{2150E333-8FDC-42A3-9474-1A3956D46DE8}") = "backend", "backend", "{20B72DA7-942A-406D-8A5C-C571C90D4CFB}"
EndProject
Project("{FAE04EC0-301F-11D3-BF4B-00C04F79EFBC}") = "SimpleBank.Communication", "SimpleBank.Communication\SimpleBank.Communication.csproj", "{D0CF201D-2679-4DC2-B947-EACD41424329}"
EndProject
Project("{FAE04EC0-301F-11D3-BF4B-00C04F79EFBC}") = "SimpleBank.Domain", "SimpleBank.Domain\SimpleBank.Domain.csproj", "{216AFBE6-BAF0-44F1-B494-EF6886ED3CF2}"
EndProject
Project("{FAE04EC0-301F-11D3-BF4B-00C04F79EFBC}") = "SimpleBank.Application", "SimpleBank.Application\SimpleBank.Application.csproj", "{F4735BE4-9C1E-0FAE-C37E-4398FB9AD122}"
EndProject
Project("{FAE04EC0-301F-11D3-BF4B-00C04F79EFBC}") = "SimpleBank.Infra", "SimpleBank.Infra\SimpleBank.Infra.csproj", "{381B1181-4831-781B-4CE0-FFD901581EFC}"
EndProject
Project("{FAE04EC0-301F-11D3-BF4B-00C04F79EFBC}") = "SimpleBank.Exceptions", "SimpleBank.Exceptions\SimpleBank.Exceptions.csproj", "{B412E2E6-E79F-11F6-70E4-765834EA681F}"
EndProject
Global
	GlobalSection(SolutionConfigurationPlatforms) = preSolution
		Debug|Any CPU = Debug|Any CPU
		Release|Any CPU = Release|Any CPU
	EndGlobalSection
	GlobalSection(ProjectConfigurationPlatforms) = postSolution
		{F5EA36EF-E506-47F8-9683-56863F55DF39}.Debug|Any CPU.ActiveCfg = Debug|Any CPU
		{F5EA36EF-E506-47F8-9683-56863F55DF39}.Debug|Any CPU.Build.0 = Debug|Any CPU
		{F5EA36EF-E506-47F8-9683-56863F55DF39}.Release|Any CPU.ActiveCfg = Release|Any CPU
		{F5EA36EF-E506-47F8-9683-56863F55DF39}.Release|Any CPU.Build.0 = Release|Any CPU
		{D0CF201D-2679-4DC2-B947-EACD41424329}.Debug|Any CPU.ActiveCfg = Debug|Any CPU
		{D0CF201D-2679-4DC2-B947-EACD41424329}.Debug|Any CPU.Build.0 = Debug|Any CPU
		{D0CF201D-2679-4DC2-B947-EACD41424329}.Release|Any CPU.ActiveCfg = Release|Any CPU
		{D0CF201D-2679-4DC2-B947-EACD41424329}.Release|Any CPU.Build.0 = Release|Any CPU
		{216AFBE6-BAF0-44F1-B494-EF6886ED3CF2}.Debug|Any CPU.ActiveCfg = Debug|Any CPU
		{216AFBE6-BAF0-44F1-B494-EF6886ED3CF2}.Debug|Any CPU.Build.0 = Debug|Any CPU
		{216AFBE6-BAF0-44F1-B494-EF6886ED3CF2}.Release|Any CPU.ActiveCfg = Release|Any CPU
		{216AFBE6-BAF0-44F1-B494-EF6886ED3CF2}.Release|Any CPU.Build.0 = Release|Any CPU
		{F4735BE4-9C1E-0FAE-C37E-4398FB9AD122}.Debug|Any CPU.ActiveCfg = Debug|Any CPU
		{F4735BE4-9C1E-0FAE-C37E-4398FB9AD122}.Debug|Any CPU.Build.0 = Debug|Any CPU
		{F4735BE4-9C1E-0FAE-C37E-4398FB9AD122}.Release|Any CPU.ActiveCfg = Release|Any CPU
		{F4735BE4-9C1E-0FAE-C37E-4398FB9AD122}.Release|Any CPU.Build.0 = Release|Any CPU
		{381B1181-4831-781B-4CE0-FFD901581EFC}.Debug|Any CPU.ActiveCfg = Debug|Any CPU
		{381B1181-4831-781B-4CE0-FFD901581EFC}.Debug|Any CPU.Build.0 = Debug|Any CPU
		{381B1181-4831-781B-4CE0-FFD901581EFC}.Release|Any CPU.ActiveCfg = Release|Any CPU
		{381B1181-4831-781B-4CE0-FFD901581EFC}.Release|Any CPU.Build.0 = Release|Any CPU
		{B412E2E6-E79F-11F6-70E4-765834EA681F}.Debug|Any CPU.ActiveCfg = Debug|Any CPU
		{B412E2E6-E79F-11F6-70E4-765834EA681F}.Debug|Any CPU.Build.0 = Debug|Any CPU
		{B412E2E6-E79F-11F6-70E4-765834EA681F}.Release|Any CPU.ActiveCfg = Release|Any CPU
		{B412E2E6-E79F-11F6-70E4-765834EA681F}.Release|Any CPU.Build.0 = Release|Any CPU
	EndGlobalSection
	GlobalSection(SolutionProperties) = preSolution
		HideSolutionNode = FALSE
	EndGlobalSection
	GlobalSection(NestedProjects) = preSolution
		{F5EA36EF-E506-47F8-9683-56863F55DF39} = {20B72DA7-942A-406D-8A5C-C571C90D4CFB}
		{02EA681E-C7D8-13C7-8484-4AC65E1B71E8} = {C5524A5C-BDC7-4439-83E2-2912FA4B43A3}
		{20B72DA7-942A-406D-8A5C-C571C90D4CFB} = {C5524A5C-BDC7-4439-83E2-2912FA4B43A3}
		{D0CF201D-2679-4DC2-B947-EACD41424329} = {02EA681E-C7D8-13C7-8484-4AC65E1B71E8}
		{216AFBE6-BAF0-44F1-B494-EF6886ED3CF2} = {20B72DA7-942A-406D-8A5C-C571C90D4CFB}
		{F4735BE4-9C1E-0FAE-C37E-4398FB9AD122} = {20B72DA7-942A-406D-8A5C-C571C90D4CFB}
		{381B1181-4831-781B-4CE0-FFD901581EFC} = {20B72DA7-942A-406D-8A5C-C571C90D4CFB}
		{B412E2E6-E79F-11F6-70E4-765834EA681F} = {02EA681E-C7D8-13C7-8484-4AC65E1B71E8}
	EndGlobalSection
	GlobalSection(ExtensibilityGlobals) = postSolution
		SolutionGuid = {22449F4F-F059-4C79-A822-9D08E3A9D464}
	EndGlobalSection
EndGlobal
